
Microsoft Visual Studio Solution File, Format Version 12.00
# Visual Studio Version 16
VisualStudioVersion = 16.0.31205.134
MinimumVisualStudioVersion = 10.0.40219.1
Project("{FAE04EC0-301F-11D3-BF4B-00C04F79EFBC}") = "WebEntityExample1", "WebEntityExample1.csproj", "{CF273B5A-2CCE-45FF-B4BA-4F73773704E3}"
EndProject
Global
	GlobalSection(SolutionConfigurationPlatforms) = preSolution
		Debug|Any CPU = Debug|Any CPU
		Release|Any CPU = Release|Any CPU
	EndGlobalSection
	GlobalSection(ProjectConfigurationPlatforms) = postSolution
		{CF273B5A-2CCE-45FF-B4BA-4F73773704E3}.Debug|Any CPU.ActiveCfg = Debug|Any CPU
		{CF273B5A-2CCE-45FF-B4BA-4F73773704E3}.Debug|Any CPU.Build.0 = Debug|Any CPU
		{CF273B5A-2CCE-45FF-B4BA-4F73773704E3}.Release|Any CPU.ActiveCfg = Release|Any CPU
		{CF273B5A-2CCE-45FF-B4BA-4F73773704E3}.Release|Any CPU.Build.0 = Release|Any CPU
	EndGlobalSection
	GlobalSection(SolutionProperties) = preSolution
		HideSolutionNode = FALSE
	EndGlobalSection
	GlobalSection(ExtensibilityGlobals) = postSolution
		SolutionGuid = {E1F143A6-F283-4834-94A1-B055FFF17A53}
	EndGlobalSection
EndGlobal
